# THIS IS AN AUTOGENERATED FILE. DO NOT EDIT THIS FILE DIRECTLY.
# yarn lockfile v1


"@salesforce-ux/design-system-2@^2.264.1":
  version "2.264.1"
  resolved "https://registry.yarnpkg.com/@salesforce-ux/design-system-2/-/design-system-2-2.264.1.tgz#ce7e1784d565d793cbd37183bb9c95e3e6ad79e0"
  integrity sha512-gL/TTeJp33PxqGZr6xj+TqzTGCLkLQsItDa/QUV8s7AVicLD1wmZ84xFFWBEUo8SNGcxrsdrjheAmQR/AwcOOg==
